
Microsoft Visual Studio Solution File, Format Version 12.00
# Visual Studio 15
VisualStudioVersion = 15.0.27703.2000
MinimumVisualStudioVersion = 10.0.40219.1
Project("{FAE04EC0-301F-11D3-BF4B-00C04F79EFBC}") = "EthernetTest", "EthernetTest\EthernetTest.csproj", "{9E179D58-2B6C-458B-BE44-A7B5AD0E887C}"
EndProject
Global
	GlobalSection(SolutionConfigurationPlatforms) = preSolution
		Debug|Any CPU = Debug|Any CPU
		Release|Any CPU = Release|Any CPU
	EndGlobalSection
	GlobalSection(ProjectConfigurationPlatforms) = postSolution
		{9E179D58-2B6C-458B-BE44-A7B5AD0E887C}.Debug|Any CPU.ActiveCfg = Debug|Any CPU
		{9E179D58-2B6C-458B-BE44-A7B5AD0E887C}.Debug|Any CPU.Build.0 = Debug|Any CPU
		{9E179D58-2B6C-458B-BE44-A7B5AD0E887C}.Release|Any CPU.ActiveCfg = Release|Any CPU
		{9E179D58-2B6C-458B-BE44-A7B5AD0E887C}.Release|Any CPU.Build.0 = Release|Any CPU
	EndGlobalSection
	GlobalSection(SolutionProperties) = preSolution
		HideSolutionNode = FALSE
	EndGlobalSection
	GlobalSection(ExtensibilityGlobals) = postSolution
		SolutionGuid = {DB8060B2-2ECE-4E45-9EE4-C07BD632BC39}
	EndGlobalSection
EndGlobal
